// !$*UTF8*$!
{
	archiveVersion = 1;
	classes = {
	};
	objectVersion = 48;
	objects = {

/* Begin PBXBuildFile section */
		095803B52003F4B6009C1423 /* team-placeholder.jpg in Resources */ = {isa = PBXBuildFile; fileRef = 095803B42003F4B6009C1423 /* team-placeholder.jpg */; };
		09E34FCD1FFFF596002F3820 /* AppDelegate.m in Sources */ = {isa = PBXBuildFile; fileRef = 09E34FCC1FFFF596002F3820 /* AppDelegate.m */; };
		09E34FD31FFFF596002F3820 /* Main.storyboard in Resources */ = {isa = PBXBuildFile; fileRef = 09E34FD11FFFF596002F3820 /* Main.storyboard */; };
		09E34FD51FFFF596002F3820 /* Assets.xcassets in Resources */ = {isa = PBXBuildFile; fileRef = 09E34FD41FFFF596002F3820 /* Assets.xcassets */; };
		09E34FD81FFFF596002F3820 /* LaunchScreen.storyboard in Resources */ = {isa = PBXBuildFile; fileRef = 09E34FD61FFFF596002F3820 /* LaunchScreen.storyboard */; };
		09E34FDB1FFFF596002F3820 /* main.m in Sources */ = {isa = PBXBuildFile; fileRef = 09E34FDA1FFFF596002F3820 /* main.m */; };
		09E34FE31FFFF616002F3820 /* Contacto.m in Sources */ = {isa = PBXBuildFile; fileRef = 09E34FE21FFFF616002F3820 /* Contacto.m */; };
		09E34FE71FFFF671002F3820 /* ListadoContactosControler.m in Sources */ = {isa = PBXBuildFile; fileRef = 09E34FE61FFFF671002F3820 /* ListadoContactosControler.m */; };
		09E34FEA1FFFF6AA002F3820 /* DetalleContactoController.m in Sources */ = {isa = PBXBuildFile; fileRef = 09E34FE91FFFF6AA002F3820 /* DetalleContactoController.m */; };
		09E34FED1FFFF6CF002F3820 /* EditarContactoController.m in Sources */ = {isa = PBXBuildFile; fileRef = 09E34FEC1FFFF6CF002F3820 /* EditarContactoController.m */; };
		09E34FF11FFFF864002F3820 /* BaseDatos.m in Sources */ = {isa = PBXBuildFile; fileRef = 09E34FF01FFFF864002F3820 /* BaseDatos.m */; };
/* End PBXBuildFile section */

/* Begin PBXFileReference section */
		095803B42003F4B6009C1423 /* team-placeholder.jpg */ = {isa = PBXFileReference; lastKnownFileType = image.jpeg; name = "team-placeholder.jpg"; path = "Assets.xcassets/team-placeholder.jpg"; sourceTree = "<group>"; };
		09E34FC81FFFF596002F3820 /* contactos.app */ = {isa = PBXFileReference; explicitFileType = wrapper.application; includeInIndex = 0; path = contactos.app; sourceTree = BUILT_PRODUCTS_DIR; };
		09E34FCB1FFFF596002F3820 /* AppDelegate.h */ = {isa = PBXFileReference; lastKnownFileType = sourcecode.c.h; path = AppDelegate.h; sourceTree = "<group>"; };
		09E34FCC1FFFF596002F3820 /* AppDelegate.m */ = {isa = PBXFileReference; lastKnownFileType = sourcecode.c.objc; path = AppDelegate.m; sourceTree = "<group>"; };
		09E34FD21FFFF596002F3820 /* Base */ = {isa = PBXFileReference; lastKnownFileType = file.storyboard; name = Base; path = Base.lproj/Main.storyboard; sourceTree = "<group>"; };
		09E34FD41FFFF596002F3820 /* Assets.xcassets */ = {isa = PBXFileReference; lastKnownFileType = folder.assetcatalog; path = Assets.xcassets; sourceTree = "<group>"; };
		09E34FD71FFFF596002F3820 /* Base */ = {isa = PBXFileReference; lastKnownFileType = file.storyboard; name = Base; path = Base.lproj/LaunchScreen.storyboard; sourceTree = "<group>"; };
		09E34FD91FFFF596002F3820 /* Info.plist */ = {isa = PBXFileReference; lastKnownFileType = text.plist.xml; path = Info.plist; sourceTree = "<group>"; };
		09E34FDA1FFFF596002F3820 /* main.m */ = {isa = PBXFileReference; lastKnownFileType = sourcecode.c.objc; path = main.m; sourceTree = "<group>"; };
		09E34FE11FFFF616002F3820 /* Contacto.h */ = {isa = PBXFileReference; lastKnownFileType = sourcecode.c.h; path = Contacto.h; sourceTree = "<group>"; };
		09E34FE21FFFF616002F3820 /* Contacto.m */ = {isa = PBXFileReference; lastKnownFileType = sourcecode.c.objc; path = Contacto.m; sourceTree = "<group>"; };
		09E34FE51FFFF671002F3820 /* ListadoContactosControler.h */ = {isa = PBXFileReference; lastKnownFileType = sourcecode.c.h; path = ListadoContactosControler.h; sourceTree = "<group>"; };
		09E34FE61FFFF671002F3820 /* ListadoContactosControler.m */ = {isa = PBXFileReference; lastKnownFileType = sourcecode.c.objc; path = ListadoContactosControler.m; sourceTree = "<group>"; };
		09E34FE81FFFF6AA002F3820 /* DetalleContactoController.h */ = {isa = PBXFileReference; lastKnownFileType = sourcecode.c.h; path = DetalleContactoController.h; sourceTree = "<group>"; };
		09E34FE91FFFF6AA002F3820 /* DetalleContactoController.m */ = {isa = PBXFileReference; lastKnownFileType = sourcecode.c.objc; path = DetalleContactoController.m; sourceTree = "<group>"; };
		09E34FEB1FFFF6CF002F3820 /* EditarContactoController.h */ = {isa = PBXFileReference; lastKnownFileType = sourcecode.c.h; path = EditarContactoController.h; sourceTree = "<group>"; };
		09E34FEC1FFFF6CF002F3820 /* EditarContactoController.m */ = {isa = PBXFileReference; lastKnownFileType = sourcecode.c.objc; path = EditarContactoController.m; sourceTree = "<group>"; };
		09E34FEF1FFFF864002F3820 /* BaseDatos.h */ = {isa = PBXFileReference; lastKnownFileType = sourcecode.c.h; path = BaseDatos.h; sourceTree = "<group>"; };
		09E34FF01FFFF864002F3820 /* BaseDatos.m */ = {isa = PBXFileReference; lastKnownFileType = sourcecode.c.objc; path = BaseDatos.m; sourceTree = "<group>"; };
/* End PBXFileReference section */

/* Begin PBXFrameworksBuildPhase section */
		09E34FC51FFFF596002F3820 /* Frameworks */ = {
			isa = PBXFrameworksBuildPhase;
			buildActionMask = 2147483647;
			files = (
			);
			runOnlyForDeploymentPostprocessing = 0;
		};
/* End PBXFrameworksBuildPhase section */

/* Begin PBXGroup section */
		09E34FBF1FFFF596002F3820 = {
			isa = PBXGroup;
			children = (
				09E34FCA1FFFF596002F3820 /* contactos */,
				09E34FC91FFFF596002F3820 /* Products */,
			);
			sourceTree = "<group>";
		};
		09E34FC91FFFF596002F3820 /* Products */ = {
			isa = PBXGroup;
			children = (
				09E34FC81FFFF596002F3820 /* contactos.app */,
			);
			name = Products;
			sourceTree = "<group>";
		};
		09E34FCA1FFFF596002F3820 /* contactos */ = {
			isa = PBXGroup;
			children = (
				09E34FEE1FFFF6F0002F3820 /* CONTROLADORES */,
				09E34FCB1FFFF596002F3820 /* AppDelegate.h */,
				09E34FCC1FFFF596002F3820 /* AppDelegate.m */,
				09E34FD11FFFF596002F3820 /* Main.storyboard */,
				09E34FD41FFFF596002F3820 /* Assets.xcassets */,
				095803B42003F4B6009C1423 /* team-placeholder.jpg */,
				09E34FD61FFFF596002F3820 /* LaunchScreen.storyboard */,
				09E34FD91FFFF596002F3820 /* Info.plist */,
				09E34FDA1FFFF596002F3820 /* main.m */,
				09E34FE41FFFF634002F3820 /* MODELO */,
			);
			path = contactos;
			sourceTree = "<group>";
		};
		09E34FE41FFFF634002F3820 /* MODELO */ = {
			isa = PBXGroup;
			children = (
				09E34FE11FFFF616002F3820 /* Contacto.h */,
				09E34FE21FFFF616002F3820 /* Contacto.m */,
				09E34FEF1FFFF864002F3820 /* BaseDatos.h */,
				09E34FF01FFFF864002F3820 /* BaseDatos.m */,
			);
			path = MODELO;
			sourceTree = "<group>";
		};
		09E34FEE1FFFF6F0002F3820 /* CONTROLADORES */ = {
			isa = PBXGroup;
			children = (
				09E34FE51FFFF671002F3820 /* ListadoContactosControler.h */,
				09E34FE61FFFF671002F3820 /* ListadoContactosControler.m */,
				09E34FE81FFFF6AA002F3820 /* DetalleContactoController.h */,
				09E34FE91FFFF6AA002F3820 /* DetalleContactoController.m */,
				09E34FEB1FFFF6CF002F3820 /* EditarContactoController.h */,
				09E34FEC1FFFF6CF002F3820 /* EditarContactoController.m */,
			);
			path = CONTROLADORES;
			sourceTree = "<group>";
		};
/* End PBXGroup section */

/* Begin PBXNativeTarget section */
		09E34FC71FFFF596002F3820 /* contactos */ = {
			isa = PBXNativeTarget;
			buildConfigurationList = 09E34FDE1FFFF596002F3820 /* Build configuration list for PBXNativeTarget "contactos" */;
			buildPhases = (
				09E34FC41FFFF596002F3820 /* Sources */,
				09E34FC51FFFF596002F3820 /* Frameworks */,
				09E34FC61FFFF596002F3820 /* Resources */,
			);
			buildRules = (
			);
			dependencies = (
			);
			name = contactos;
			productName = contactos;
			productReference = 09E34FC81FFFF596002F3820 /* contactos.app */;
			productType = "com.apple.product-type.application";
		};
/* End PBXNativeTarget section */

/* Begin PBXProject section */
		09E34FC01FFFF596002F3820 /* Project object */ = {
			isa = PBXProject;
			attributes = {
				LastUpgradeCheck = 0900;
				ORGANIZATIONNAME = TATINC;
				TargetAttributes = {
					09E34FC71FFFF596002F3820 = {
						CreatedOnToolsVersion = 9.0;
						ProvisioningStyle = Automatic;
					};
				};
			};
			buildConfigurationList = 09E34FC31FFFF596002F3820 /* Build configuration list for PBXProject "contactos" */;
			compatibilityVersion = "Xcode 8.0";
			developmentRegion = en;
			hasScannedForEncodings = 0;
			knownRegions = (
				en,
				Base,
			);
			mainGroup = 09E34FBF1FFFF596002F3820;
			productRefGroup = 09E34FC91FFFF596002F3820 /* Products */;
			projectDirPath = "";
			projectRoot = "";
			targets = (
				09E34FC71FFFF596002F3820 /* contactos */,
			);
		};
/* End PBXProject section */

/* Begin PBXResourcesBuildPhase section */
		09E34FC61FFFF596002F3820 /* Resources */ = {
			isa = PBXResourcesBuildPhase;
			buildActionMask = 2147483647;
			files = (
				09E34FD81FFFF596002F3820 /* LaunchScreen.storyboard in Resources */,
				09E34FD51FFFF596002F3820 /* Assets.xcassets in Resources */,
				095803B52003F4B6009C1423 /* team-placeholder.jpg in Resources */,
				09E34FD31FFFF596002F3820 /* Main.storyboard in Resources */,
			);
			runOnlyForDeploymentPostprocessing = 0;
		};
/* End PBXResourcesBuildPhase section */

/* Begin PBXSourcesBuildPhase section */
		09E34FC41FFFF596002F3820 /* Sources */ = {
			isa = PBXSourcesBuildPhase;
			buildActionMask = 2147483647;
			files = (
				09E34FF11FFFF864002F3820 /* BaseDatos.m in Sources */,
				09E34FEA1FFFF6AA002F3820 /* DetalleContactoController.m in Sources */,
				09E34FE71FFFF671002F3820 /* ListadoContactosControler.m in Sources */,
				09E34FED1FFFF6CF002F3820 /* EditarContactoController.m in Sources */,
				09E34FE31FFFF616002F3820 /* Contacto.m in Sources */,
				09E34FDB1FFFF596002F3820 /* main.m in Sources */,
				09E34FCD1FFFF596002F3820 /* AppDelegate.m in Sources */,
			);
			runOnlyForDeploymentPostprocessing = 0;
		};
/* End PBXSourcesBuildPhase section */

/* Begin PBXVariantGroup section */
		09E34FD11FFFF596002F3820 /* Main.storyboard */ = {
			isa = PBXVariantGroup;
			children = (
				09E34FD21FFFF596002F3820 /* Base */,
			);
			name = Main.storyboard;
			sourceTree = "<group>";
		};
		09E34FD61FFFF596002F3820 /* LaunchScreen.storyboard */ = {
			isa = PBXVariantGroup;
			children = (
				09E34FD71FFFF596002F3820 /* Base */,
			);
			name = LaunchScreen.storyboard;
			sourceTree = "<group>";
		};
/* End PBXVariantGroup section */

/* Begin XCBuildConfiguration section */
		09E34FDC1FFFF596002F3820 /* Debug */ = {
			isa = XCBuildConfiguration;
			buildSettings = {
				ALWAYS_SEARCH_USER_PATHS = NO;
				CLANG_ANALYZER_NONNULL = YES;
				CLANG_ANALYZER_NUMBER_OBJECT_CONVERSION = YES_AGGRESSIVE;
				CLANG_CXX_LANGUAGE_STANDARD = "gnu++14";
				CLANG_CXX_LIBRARY = "libc++";
				CLANG_ENABLE_MODULES = YES;
				CLANG_ENABLE_OBJC_ARC = YES;
				CLANG_WARN_BLOCK_CAPTURE_AUTORELEASING = YES;
				CLANG_WARN_BOOL_CONVERSION = YES;
				CLANG_WARN_COMMA = YES;
				CLANG_WARN_CONSTANT_CONVERSION = YES;
				CLANG_WARN_DIRECT_OBJC_ISA_USAGE = YES_ERROR;
				CLANG_WARN_DOCUMENTATION_COMMENTS = YES;
				CLANG_WARN_EMPTY_BODY = YES;
				CLANG_WARN_ENUM_CONVERSION = YES;
				CLANG_WARN_INFINITE_RECURSION = YES;
				CLANG_WARN_INT_CONVERSION = YES;
				CLANG_WARN_NON_LITERAL_NULL_CONVERSION = YES;
				CLANG_WARN_OBJC_LITERAL_CONVERSION = YES;
				CLANG_WARN_OBJC_ROOT_CLASS = YES_ERROR;
				CLANG_WARN_RANGE_LOOP_ANALYSIS = YES;
				CLANG_WARN_STRICT_PROTOTYPES = YES;
				CLANG_WARN_SUSPICIOUS_MOVE = YES;
				CLANG_WARN_UNGUARDED_AVAILABILITY = YES_AGGRESSIVE;
				CLANG_WARN_UNREACHABLE_CODE = YES;
				CLANG_WARN__DUPLICATE_METHOD_MATCH = YES;
				CODE_SIGN_IDENTITY = "iPhone Developer";
				COPY_PHASE_STRIP = NO;
				DEBUG_INFORMATION_FORMAT = dwarf;
				ENABLE_STRICT_OBJC_MSGSEND = YES;
				ENABLE_TESTABILITY = YES;
				GCC_C_LANGUAGE_STANDARD = gnu11;
				GCC_DYNAMIC_NO_PIC = NO;
				GCC_NO_COMMON_BLOCKS = YES;
				GCC_OPTIMIZATION_LEVEL = 0;
				GCC_PREPROCESSOR_DEFINITIONS = (
					"DEBUG=1",
					"$(inherited)",
				);
				GCC_WARN_64_TO_32_BIT_CONVERSION = YES;
				GCC_WARN_ABOUT_RETURN_TYPE = YES_ERROR;
				GCC_WARN_UNDECLARED_SELECTOR = YES;
				GCC_WARN_UNINITIALIZED_AUTOS = YES_AGGRESSIVE;
				GCC_WARN_UNUSED_FUNCTION = YES;
				GCC_WARN_UNUSED_VARIABLE = YES;
				IPHONEOS_DEPLOYMENT_TARGET = 11.0;
				MTL_ENABLE_DEBUG_INFO = YES;
				ONLY_ACTIVE_ARCH = YES;
				SDKROOT = iphoneos;
			};
			name = Debug;
		};
		09E34FDD1FFFF596002F3820 /* Release */ = {
			isa = XCBuildConfiguration;
			buildSettings = {
				ALWAYS_SEARCH_USER_PATHS = NO;
				CLANG_ANALYZER_NONNULL = YES;
				CLANG_ANALYZER_NUMBER_OBJECT_CONVERSION = YES_AGGRESSIVE;
				CLANG_CXX_LANGUAGE_STANDARD = "gnu++14";
				CLANG_CXX_LIBRARY = "libc++";
				CLANG_ENABLE_MODULES = YES;
				CLANG_ENABLE_OBJC_ARC = YES;
				CLANG_WARN_BLOCK_CAPTURE_AUTORELEASING = YES;
				CLANG_WARN_BOOL_CONVERSION = YES;
				CLANG_WARN_COMMA = YES;
				CLANG_WARN_CONSTANT_CONVERSION = YES;
				CLANG_WARN_DIRECT_OBJC_ISA_USAGE = YES_ERROR;
				CLANG_WARN_DOCUMENTATION_COMMENTS = YES;
				CLANG_WARN_EMPTY_BODY = YES;
				CLANG_WARN_ENUM_CONVERSION = YES;
				CLANG_WARN_INFINITE_RECURSION = YES;
				CLANG_WARN_INT_CONVERSION = YES;
				CLANG_WARN_NON_LITERAL_NULL_CONVERSION = YES;
				CLANG_WARN_OBJC_LITERAL_CONVERSION = YES;
				CLANG_WARN_OBJC_ROOT_CLASS = YES_ERROR;
				CLANG_WARN_RANGE_LOOP_ANALYSIS = YES;
				CLANG_WARN_STRICT_PROTOTYPES = YES;
				CLANG_WARN_SUSPICIOUS_MOVE = YES;
				CLANG_WARN_UNGUARDED_AVAILABILITY = YES_AGGRESSIVE;
				CLANG_WARN_UNREACHABLE_CODE = YES;
				CLANG_WARN__DUPLICATE_METHOD_MATCH = YES;
				CODE_SIGN_IDENTITY = "iPhone Developer";
				COPY_PHASE_STRIP = NO;
				DEBUG_INFORMATION_FORMAT = "dwarf-with-dsym";
				ENABLE_NS_ASSERTIONS = NO;
				ENABLE_STRICT_OBJC_MSGSEND = YES;
				GCC_C_LANGUAGE_STANDARD = gnu11;
				GCC_NO_COMMON_BLOCKS = YES;
				GCC_WARN_64_TO_32_BIT_CONVERSION = YES;
				GCC_WARN_ABOUT_RETURN_TYPE = YES_ERROR;
				GCC_WARN_UNDECLARED_SELECTOR = YES;
				GCC_WARN_UNINITIALIZED_AUTOS = YES_AGGRESSIVE;
				GCC_WARN_UNUSED_FUNCTION = YES;
				GCC_WARN_UNUSED_VARIABLE = YES;
				IPHONEOS_DEPLOYMENT_TARGET = 11.0;
				MTL_ENABLE_DEBUG_INFO = NO;
				SDKROOT = iphoneos;
				VALIDATE_PRODUCT = YES;
			};
			name = Release;
		};
		09E34FDF1FFFF596002F3820 /* Debug */ = {
			isa = XCBuildConfiguration;
			buildSettings = {
				ASSETCATALOG_COMPILER_APPICON_NAME = AppIcon;
				CODE_SIGN_STYLE = Automatic;
				INFOPLIST_FILE = contactos/Info.plist;
				LD_RUNPATH_SEARCH_PATHS = "$(inherited) @executable_path/Frameworks";
				PRODUCT_BUNDLE_IDENTIFIER = com.TATINC.contactos;
				PRODUCT_NAME = "$(TARGET_NAME)";
				TARGETED_DEVICE_FAMILY = "1,2";
			};
			name = Debug;
		};
		09E34FE01FFFF596002F3820 /* Release */ = {
			isa = XCBuildConfiguration;
			buildSettings = {
				ASSETCATALOG_COMPILER_APPICON_NAME = AppIcon;
				CODE_SIGN_STYLE = Automatic;
				INFOPLIST_FILE = contactos/Info.plist;
				LD_RUNPATH_SEARCH_PATHS = "$(inherited) @executable_path/Frameworks";
				PRODUCT_BUNDLE_IDENTIFIER = com.TATINC.contactos;
				PRODUCT_NAME = "$(TARGET_NAME)";
				TARGETED_DEVICE_FAMILY = "1,2";
			};
			name = Release;
		};
/* End XCBuildConfiguration section */

/* Begin XCConfigurationList section */
		09E34FC31FFFF596002F3820 /* Build configuration list for PBXProject "contactos" */ = {
			isa = XCConfigurationList;
			buildConfigurations = (
				09E34FDC1FFFF596002F3820 /* Debug */,
				09E34FDD1FFFF596002F3820 /* Release */,
			);
			defaultConfigurationIsVisible = 0;
			defaultConfigurationName = Release;
		};
		09E34FDE1FFFF596002F3820 /* Build configuration list for PBXNativeTarget "contactos" */ = {
			isa = XCConfigurationList;
			buildConfigurations = (
				09E34FDF1FFFF596002F3820 /* Debug */,
				09E34FE01FFFF596002F3820 /* Release */,
			);
			defaultConfigurationIsVisible = 0;
			defaultConfigurationName = Release;
		};
/* End XCConfigurationList section */
	};
	rootObject = 09E34FC01FFFF596002F3820 /* Project object */;
}
